
Microsoft Visual Studio Solution File, Format Version 12.00
# Visual Studio Version 16
VisualStudioVersion = 16.0.30114.105
MinimumVisualStudioVersion = 10.0.40219.1
Project("{FAE04EC0-301F-11D3-BF4B-00C04F79EFBC}") = "OOP.Domain", "OOP.Domain\OOP.Domain.csproj", "{EC67A54D-D280-48E1-A6C3-EF802FD88B38}"
EndProject
Project("{FAE04EC0-301F-11D3-BF4B-00C04F79EFBC}") = "OOP.Tests", "OOP.Tests\OOP.Tests.csproj", "{19B120B7-B1CC-4A36-B840-5A64E8303949}"
EndProject
Global
	GlobalSection(SolutionConfigurationPlatforms) = preSolution
		Debug|Any CPU = Debug|Any CPU
		Release|Any CPU = Release|Any CPU
	EndGlobalSection
	GlobalSection(SolutionProperties) = preSolution
		HideSolutionNode = FALSE
	EndGlobalSection
	GlobalSection(ProjectConfigurationPlatforms) = postSolution
		{EC67A54D-D280-48E1-A6C3-EF802FD88B38}.Debug|Any CPU.ActiveCfg = Debug|Any CPU
		{EC67A54D-D280-48E1-A6C3-EF802FD88B38}.Debug|Any CPU.Build.0 = Debug|Any CPU
		{EC67A54D-D280-48E1-A6C3-EF802FD88B38}.Release|Any CPU.ActiveCfg = Release|Any CPU
		{EC67A54D-D280-48E1-A6C3-EF802FD88B38}.Release|Any CPU.Build.0 = Release|Any CPU
		{19B120B7-B1CC-4A36-B840-5A64E8303949}.Debug|Any CPU.ActiveCfg = Debug|Any CPU
		{19B120B7-B1CC-4A36-B840-5A64E8303949}.Debug|Any CPU.Build.0 = Debug|Any CPU
		{19B120B7-B1CC-4A36-B840-5A64E8303949}.Release|Any CPU.ActiveCfg = Release|Any CPU
		{19B120B7-B1CC-4A36-B840-5A64E8303949}.Release|Any CPU.Build.0 = Release|Any CPU
	EndGlobalSection
EndGlobal
